
Microsoft Visual Studio Solution File, Format Version 12.00
# Visual Studio Version 16
VisualStudioVersion = 16.0.31112.23
MinimumVisualStudioVersion = 10.0.40219.1
Project("{9A19103F-16F7-4668-BE54-9A1E7A4F7556}") = "Taschenrechner", "Uebung\Taschenrechner.csproj", "{46C1A043-C673-46FA-8B05-504A3E07B2DB}"
EndProject
Global
	GlobalSection(SolutionConfigurationPlatforms) = preSolution
		Debug|Any CPU = Debug|Any CPU
		Release|Any CPU = Release|Any CPU
	EndGlobalSection
	GlobalSection(ProjectConfigurationPlatforms) = postSolution
		{46C1A043-C673-46FA-8B05-504A3E07B2DB}.Debug|Any CPU.ActiveCfg = Debug|Any CPU
		{46C1A043-C673-46FA-8B05-504A3E07B2DB}.Debug|Any CPU.Build.0 = Debug|Any CPU
		{46C1A043-C673-46FA-8B05-504A3E07B2DB}.Release|Any CPU.ActiveCfg = Release|Any CPU
		{46C1A043-C673-46FA-8B05-504A3E07B2DB}.Release|Any CPU.Build.0 = Release|Any CPU
	EndGlobalSection
	GlobalSection(SolutionProperties) = preSolution
		HideSolutionNode = FALSE
	EndGlobalSection
	GlobalSection(ExtensibilityGlobals) = postSolution
		SolutionGuid = {27581982-D25D-463D-87AB-6B410CDE4159}
	EndGlobalSection
EndGlobal
